
Microsoft Visual Studio Solution File, Format Version 12.00
# Visual Studio Version 16
VisualStudioVersion = 16.0.31729.503
MinimumVisualStudioVersion = 10.0.40219.1
Project("{FAE04EC0-301F-11D3-BF4B-00C04F79EFBC}") = "MyFirstApp", "MyFirstApp.csproj", "{C68C49B7-116A-4A61-B296-C75B951E0400}"
EndProject
Global
	GlobalSection(SolutionConfigurationPlatforms) = preSolution
		Debug|Any CPU = Debug|Any CPU
		Release|Any CPU = Release|Any CPU
	EndGlobalSection
	GlobalSection(ProjectConfigurationPlatforms) = postSolution
		{C68C49B7-116A-4A61-B296-C75B951E0400}.Debug|Any CPU.ActiveCfg = Debug|Any CPU
		{C68C49B7-116A-4A61-B296-C75B951E0400}.Debug|Any CPU.Build.0 = Debug|Any CPU
		{C68C49B7-116A-4A61-B296-C75B951E0400}.Release|Any CPU.ActiveCfg = Release|Any CPU
		{C68C49B7-116A-4A61-B296-C75B951E0400}.Release|Any CPU.Build.0 = Release|Any CPU
	EndGlobalSection
	GlobalSection(SolutionProperties) = preSolution
		HideSolutionNode = FALSE
	EndGlobalSection
	GlobalSection(ExtensibilityGlobals) = postSolution
		SolutionGuid = {4965A33D-3908-4246-B23F-727EE3C399F6}
	EndGlobalSection
EndGlobal
